
Microsoft Visual Studio Solution File, Format Version 12.00
# Visual Studio Version 16
VisualStudioVersion = 16.0.32510.428
MinimumVisualStudioVersion = 10.0.40219.1
Project("{9A19103F-16F7-4668-BE54-9A1E7A4F7556}") = "E-GroceryStore", "E-GroceryStore\E-GroceryStore.csproj", "{A1F5C186-B9BC-4354-91BF-2CCD1ECB8A98}"
EndProject
Project("{9A19103F-16F7-4668-BE54-9A1E7A4F7556}") = "GroceryItemsControllerTest", "GroceryItemsControllerTest\GroceryItemsControllerTest.csproj", "{DD5CB835-75EB-4A6D-8918-BDD8C3C40B7B}"
EndProject
Project("{FAE04EC0-301F-11D3-BF4B-00C04F79EFBC}") = "OrderControllerTest", "OrderControllerTest\OrderControllerTest.csproj", "{DDF16332-653D-4BF3-9100-E5A9CB34E1E2}"
EndProject
Global
	GlobalSection(SolutionConfigurationPlatforms) = preSolution
		Debug|Any CPU = Debug|Any CPU
		Release|Any CPU = Release|Any CPU
	EndGlobalSection
	GlobalSection(ProjectConfigurationPlatforms) = postSolution
		{A1F5C186-B9BC-4354-91BF-2CCD1ECB8A98}.Debug|Any CPU.ActiveCfg = Debug|Any CPU
		{A1F5C186-B9BC-4354-91BF-2CCD1ECB8A98}.Debug|Any CPU.Build.0 = Debug|Any CPU
		{A1F5C186-B9BC-4354-91BF-2CCD1ECB8A98}.Release|Any CPU.ActiveCfg = Release|Any CPU
		{A1F5C186-B9BC-4354-91BF-2CCD1ECB8A98}.Release|Any CPU.Build.0 = Release|Any CPU
		{DD5CB835-75EB-4A6D-8918-BDD8C3C40B7B}.Debug|Any CPU.ActiveCfg = Debug|Any CPU
		{DD5CB835-75EB-4A6D-8918-BDD8C3C40B7B}.Debug|Any CPU.Build.0 = Debug|Any CPU
		{DD5CB835-75EB-4A6D-8918-BDD8C3C40B7B}.Release|Any CPU.ActiveCfg = Release|Any CPU
		{DD5CB835-75EB-4A6D-8918-BDD8C3C40B7B}.Release|Any CPU.Build.0 = Release|Any CPU
		{DDF16332-653D-4BF3-9100-E5A9CB34E1E2}.Debug|Any CPU.ActiveCfg = Debug|Any CPU
		{DDF16332-653D-4BF3-9100-E5A9CB34E1E2}.Debug|Any CPU.Build.0 = Debug|Any CPU
		{DDF16332-653D-4BF3-9100-E5A9CB34E1E2}.Release|Any CPU.ActiveCfg = Release|Any CPU
		{DDF16332-653D-4BF3-9100-E5A9CB34E1E2}.Release|Any CPU.Build.0 = Release|Any CPU
	EndGlobalSection
	GlobalSection(SolutionProperties) = preSolution
		HideSolutionNode = FALSE
	EndGlobalSection
	GlobalSection(ExtensibilityGlobals) = postSolution
		SolutionGuid = {D1DC0026-C875-4C11-A171-712274BC4C0E}
	EndGlobalSection
EndGlobal
